PODS:
  - SnapKit (5.6.0)
  - ZSKImageEditor (0.1.0):
    - SnapKit

DEPENDENCIES:
  - ZSKImageEditor (from `../`)

SPEC REPOS:
  trunk:
    - SnapKit

EXTERNAL SOURCES:
  ZSKImageEditor:
    :path: "../"

SPEC CHECKSUMS:
  SnapKit: e01d52ebb8ddbc333eefe2132acf85c8227d9c25
  ZSKImageEditor: 75f2eee48dc2160baee7c15345541bc01b039c1b

PODFILE CHECKSUM: a79ebf2aefa3011e21a8cd82399978767d7e5e6f

COCOAPODS: 1.11.3
