PODS:
  - SnapKit (5.6.0)
  - ZSKImageEditor (0.1.3):
    - SnapKit

DEPENDENCIES:
  - ZSKImageEditor (from `../`)

SPEC REPOS:
  trunk:
    - SnapKit

EXTERNAL SOURCES:
  ZSKImageEditor:
    :path: "../"

SPEC CHECKSUMS:
  SnapKit: e01d52ebb8ddbc333eefe2132acf85c8227d9c25
  ZSKImageEditor: 8f6290c9393a3e1b61a6f5f3790d0f50306c58e5

PODFILE CHECKSUM: a79ebf2aefa3011e21a8cd82399978767d7e5e6f

COCOAPODS: 1.11.3
